
Microsoft Visual Studio Solution File, Format Version 12.00
# Visual Studio Version 17
VisualStudioVersion = 17.0.31903.59
MinimumVisualStudioVersion = 10.0.40219.1
Project("{2150E333-8FDC-42A3-9474-1A3956D46DE8}") = "src", "src", "{DCAEB00F-2712-4A87-9EAA-05985F728BAB}"
EndProject
Project("{FAE04EC0-301F-11D3-BF4B-00C04F79EFBC}") = "AuctionService", "src\AuctionService\AuctionService.csproj", "{C048FA9C-BFCA-43CD-A6E0-089A9E419A3D}"
EndProject
Project("{FAE04EC0-301F-11D3-BF4B-00C04F79EFBC}") = "SearchService", "src\SearchService\SearchService.csproj", "{13687604-8DEE-4235-B3B8-A1D2686B64EA}"
EndProject
Global
	GlobalSection(SolutionConfigurationPlatforms) = preSolution
		Debug|Any CPU = Debug|Any CPU
		Release|Any CPU = Release|Any CPU
	EndGlobalSection
	GlobalSection(SolutionProperties) = preSolution
		HideSolutionNode = FALSE
	EndGlobalSection
	GlobalSection(ProjectConfigurationPlatforms) = postSolution
		{C048FA9C-BFCA-43CD-A6E0-089A9E419A3D}.Debug|Any CPU.ActiveCfg = Debug|Any CPU
		{C048FA9C-BFCA-43CD-A6E0-089A9E419A3D}.Debug|Any CPU.Build.0 = Debug|Any CPU
		{C048FA9C-BFCA-43CD-A6E0-089A9E419A3D}.Release|Any CPU.ActiveCfg = Release|Any CPU
		{C048FA9C-BFCA-43CD-A6E0-089A9E419A3D}.Release|Any CPU.Build.0 = Release|Any CPU
		{13687604-8DEE-4235-B3B8-A1D2686B64EA}.Debug|Any CPU.ActiveCfg = Debug|Any CPU
		{13687604-8DEE-4235-B3B8-A1D2686B64EA}.Debug|Any CPU.Build.0 = Debug|Any CPU
		{13687604-8DEE-4235-B3B8-A1D2686B64EA}.Release|Any CPU.ActiveCfg = Release|Any CPU
		{13687604-8DEE-4235-B3B8-A1D2686B64EA}.Release|Any CPU.Build.0 = Release|Any CPU
	EndGlobalSection
	GlobalSection(NestedProjects) = preSolution
		{C048FA9C-BFCA-43CD-A6E0-089A9E419A3D} = {DCAEB00F-2712-4A87-9EAA-05985F728BAB}
		{13687604-8DEE-4235-B3B8-A1D2686B64EA} = {DCAEB00F-2712-4A87-9EAA-05985F728BAB}
	EndGlobalSection
EndGlobal
